
Microsoft Visual Studio Solution File, Format Version 12.00
# Visual Studio Version 16
VisualStudioVersion = 16.0.31613.86
MinimumVisualStudioVersion = 10.0.40219.1
Project("{FAE04EC0-301F-11D3-BF4B-00C04F79EFBC}") = "MangAnimeList", "MangAnimeList.csproj", "{ECEBE09C-E95A-4435-AB08-95978EDEAE25}"
EndProject
Project("{FAE04EC0-301F-11D3-BF4B-00C04F79EFBC}") = "MangAnimeListGUI", "..\MangAnimeListGUI\MangAnimeListGUI.csproj", "{2A2ADFF7-E81F-4711-8AF2-ACA277923A1C}"
EndProject
Global
	GlobalSection(SolutionConfigurationPlatforms) = preSolution
		Debug|Any CPU = Debug|Any CPU
		Release|Any CPU = Release|Any CPU
	EndGlobalSection
	GlobalSection(ProjectConfigurationPlatforms) = postSolution
		{ECEBE09C-E95A-4435-AB08-95978EDEAE25}.Debug|Any CPU.ActiveCfg = Debug|Any CPU
		{ECEBE09C-E95A-4435-AB08-95978EDEAE25}.Debug|Any CPU.Build.0 = Debug|Any CPU
		{ECEBE09C-E95A-4435-AB08-95978EDEAE25}.Release|Any CPU.ActiveCfg = Release|Any CPU
		{ECEBE09C-E95A-4435-AB08-95978EDEAE25}.Release|Any CPU.Build.0 = Release|Any CPU
		{2A2ADFF7-E81F-4711-8AF2-ACA277923A1C}.Debug|Any CPU.ActiveCfg = Debug|Any CPU
		{2A2ADFF7-E81F-4711-8AF2-ACA277923A1C}.Debug|Any CPU.Build.0 = Debug|Any CPU
		{2A2ADFF7-E81F-4711-8AF2-ACA277923A1C}.Release|Any CPU.ActiveCfg = Release|Any CPU
		{2A2ADFF7-E81F-4711-8AF2-ACA277923A1C}.Release|Any CPU.Build.0 = Release|Any CPU
	EndGlobalSection
	GlobalSection(SolutionProperties) = preSolution
		HideSolutionNode = FALSE
	EndGlobalSection
	GlobalSection(ExtensibilityGlobals) = postSolution
		SolutionGuid = {DF2CE717-542C-44D3-8A2E-BC4F4E90283B}
	EndGlobalSection
EndGlobal
