
Microsoft Visual Studio Solution File, Format Version 12.00
# Visual Studio Version 16
VisualStudioVersion = 16.0.31613.86
MinimumVisualStudioVersion = 10.0.40219.1
Project("{FAE04EC0-301F-11D3-BF4B-00C04F79EFBC}") = "MangAnimeList", "MangAnimeList.csproj", "{ECD54B46-F554-4360-B444-6D548CA8AE85}"
EndProject
Project("{FAE04EC0-301F-11D3-BF4B-00C04F79EFBC}") = "MangAnimeListUI", "..\MangAnimeListUI\MangAnimeListUI.csproj", "{FA349A78-9412-48E0-BBDD-368042137F11}"
EndProject
Global
	GlobalSection(SolutionConfigurationPlatforms) = preSolution
		Debug|Any CPU = Debug|Any CPU
		Release|Any CPU = Release|Any CPU
	EndGlobalSection
	GlobalSection(ProjectConfigurationPlatforms) = postSolution
		{ECD54B46-F554-4360-B444-6D548CA8AE85}.Debug|Any CPU.ActiveCfg = Debug|Any CPU
		{ECD54B46-F554-4360-B444-6D548CA8AE85}.Debug|Any CPU.Build.0 = Debug|Any CPU
		{ECD54B46-F554-4360-B444-6D548CA8AE85}.Release|Any CPU.ActiveCfg = Release|Any CPU
		{ECD54B46-F554-4360-B444-6D548CA8AE85}.Release|Any CPU.Build.0 = Release|Any CPU
		{FA349A78-9412-48E0-BBDD-368042137F11}.Debug|Any CPU.ActiveCfg = Debug|Any CPU
		{FA349A78-9412-48E0-BBDD-368042137F11}.Debug|Any CPU.Build.0 = Debug|Any CPU
		{FA349A78-9412-48E0-BBDD-368042137F11}.Release|Any CPU.ActiveCfg = Release|Any CPU
		{FA349A78-9412-48E0-BBDD-368042137F11}.Release|Any CPU.Build.0 = Release|Any CPU
	EndGlobalSection
	GlobalSection(SolutionProperties) = preSolution
		HideSolutionNode = FALSE
	EndGlobalSection
	GlobalSection(ExtensibilityGlobals) = postSolution
		SolutionGuid = {4F8C372A-8F81-4FAD-AD34-89286A9CCE42}
	EndGlobalSection
EndGlobal
